
Microsoft Visual Studio Solution File, Format Version 12.00
# Visual Studio Version 17
VisualStudioVersion = 17.7.34031.279
MinimumVisualStudioVersion = 10.0.40219.1
Project("{2150E333-8FDC-42A3-9474-1A3956D46DE8}") = "src", "src", "{E34E88C9-4318-4D9E-BE9A-9A3833435554}"
EndProject
Project("{9A19103F-16F7-4668-BE54-9A1E7A4F7556}") = "RM.RequestObserver", "src\RM.RequestObserver\RM.RequestObserver.csproj", "{61CFDD1B-EF74-4C8F-8C04-A58625B7CABC}"
EndProject
Global
	GlobalSection(SolutionConfigurationPlatforms) = preSolution
		Debug|Any CPU = Debug|Any CPU
		Release|Any CPU = Release|Any CPU
	EndGlobalSection
	GlobalSection(ProjectConfigurationPlatforms) = postSolution
		{61CFDD1B-EF74-4C8F-8C04-A58625B7CABC}.Debug|Any CPU.ActiveCfg = Debug|Any CPU
		{61CFDD1B-EF74-4C8F-8C04-A58625B7CABC}.Debug|Any CPU.Build.0 = Debug|Any CPU
		{61CFDD1B-EF74-4C8F-8C04-A58625B7CABC}.Release|Any CPU.ActiveCfg = Release|Any CPU
		{61CFDD1B-EF74-4C8F-8C04-A58625B7CABC}.Release|Any CPU.Build.0 = Release|Any CPU
	EndGlobalSection
	GlobalSection(SolutionProperties) = preSolution
		HideSolutionNode = FALSE
	EndGlobalSection
	GlobalSection(NestedProjects) = preSolution
		{61CFDD1B-EF74-4C8F-8C04-A58625B7CABC} = {E34E88C9-4318-4D9E-BE9A-9A3833435554}
	EndGlobalSection
	GlobalSection(ExtensibilityGlobals) = postSolution
		SolutionGuid = {A445841B-C232-46DB-8BD4-F307621D768B}
	EndGlobalSection
EndGlobal
